
Microsoft Visual Studio Solution File, Format Version 12.00
# Visual Studio Version 17
VisualStudioVersion = 17.11.35219.272
MinimumVisualStudioVersion = 10.0.40219.1
Project("{9A19103F-16F7-4668-BE54-9A1E7A4F7556}") = "HarryPotterSpellbookApp", "HarryPotterSpellbookApp.csproj", "{EC2CAD9A-AE6B-4D80-9B07-D2187B27CB7B}"
EndProject
Global
	GlobalSection(SolutionConfigurationPlatforms) = preSolution
		Debug|Any CPU = Debug|Any CPU
		Release|Any CPU = Release|Any CPU
	EndGlobalSection
	GlobalSection(ProjectConfigurationPlatforms) = postSolution
		{EC2CAD9A-AE6B-4D80-9B07-D2187B27CB7B}.Debug|Any CPU.ActiveCfg = Debug|Any CPU
		{EC2CAD9A-AE6B-4D80-9B07-D2187B27CB7B}.Debug|Any CPU.Build.0 = Debug|Any CPU
		{EC2CAD9A-AE6B-4D80-9B07-D2187B27CB7B}.Debug|Any CPU.Deploy.0 = Debug|Any CPU
		{EC2CAD9A-AE6B-4D80-9B07-D2187B27CB7B}.Release|Any CPU.ActiveCfg = Release|Any CPU
		{EC2CAD9A-AE6B-4D80-9B07-D2187B27CB7B}.Release|Any CPU.Build.0 = Release|Any CPU
		{EC2CAD9A-AE6B-4D80-9B07-D2187B27CB7B}.Release|Any CPU.Deploy.0 = Release|Any CPU
	EndGlobalSection
	GlobalSection(SolutionProperties) = preSolution
		HideSolutionNode = FALSE
	EndGlobalSection
	GlobalSection(ExtensibilityGlobals) = postSolution
		SolutionGuid = {E66274FC-C787-4ECB-9024-78900E63B1CD}
	EndGlobalSection
EndGlobal
